
Microsoft Visual Studio Solution File, Format Version 12.00
# Visual Studio Version 17
VisualStudioVersion = 17.14.36518.9 d17.14
MinimumVisualStudioVersion = 10.0.40219.1
Project("{FAE04EC0-301F-11D3-BF4B-00C04F79EFBC}") = "EjemploBlazor", "EjemploBlazor\EjemploBlazor.csproj", "{13BB72A4-EE00-4190-9273-4E79C90BE148}"
EndProject
Global
	GlobalSection(SolutionConfigurationPlatforms) = preSolution
		Debug|Any CPU = Debug|Any CPU
		Release|Any CPU = Release|Any CPU
	EndGlobalSection
	GlobalSection(ProjectConfigurationPlatforms) = postSolution
		{13BB72A4-EE00-4190-9273-4E79C90BE148}.Debug|Any CPU.ActiveCfg = Debug|Any CPU
		{13BB72A4-EE00-4190-9273-4E79C90BE148}.Debug|Any CPU.Build.0 = Debug|Any CPU
		{13BB72A4-EE00-4190-9273-4E79C90BE148}.Release|Any CPU.ActiveCfg = Release|Any CPU
		{13BB72A4-EE00-4190-9273-4E79C90BE148}.Release|Any CPU.Build.0 = Release|Any CPU
	EndGlobalSection
	GlobalSection(SolutionProperties) = preSolution
		HideSolutionNode = FALSE
	EndGlobalSection
	GlobalSection(ExtensibilityGlobals) = postSolution
		SolutionGuid = {4CAE7FCE-BF7F-445D-AC0D-57E15545FA5F}
	EndGlobalSection
EndGlobal
